
Microsoft Visual Studio Solution File, Format Version 12.00
# Visual Studio Version 16
VisualStudioVersion = 16.0.810.7
MinimumVisualStudioVersion = 10.0.40219.1
Project("{FAE04EC0-301F-11D3-BF4B-00C04F79EFBC}") = "default_producer", "default_producer\default_producer.csproj", "{47E66D90-3414-40C8-B931-ED25238A60A2}"
EndProject
Project("{FAE04EC0-301F-11D3-BF4B-00C04F79EFBC}") = "default_consumer", "default_consumer\default_consumer.csproj", "{D0D75AD8-0C23-41F0-BE78-B9E4B9F3786A}"
EndProject
Project("{FAE04EC0-301F-11D3-BF4B-00C04F79EFBC}") = "direct_consumer", "direct_consumer\direct_consumer.csproj", "{28B7B124-BEC6-426D-9C51-E3E2B195E5A7}"
EndProject
Project("{FAE04EC0-301F-11D3-BF4B-00C04F79EFBC}") = "direct_producer", "direct_producer\direct_producer.csproj", "{FD46175E-C5BD-445F-BD00-FF70B79D1631}"
EndProject
Project("{FAE04EC0-301F-11D3-BF4B-00C04F79EFBC}") = "fanout_publisher", "fanout_publisher\fanout_publisher.csproj", "{C70796A8-FA10-4652-8BFF-27A23BD05E38}"
EndProject
Project("{FAE04EC0-301F-11D3-BF4B-00C04F79EFBC}") = "fanout_consumer", "fanout_consumer\fanout_consumer.csproj", "{60ECC8D9-1D1D-46AF-9E24-A4BE5EA6C2ED}"
EndProject
Project("{FAE04EC0-301F-11D3-BF4B-00C04F79EFBC}") = "topic_producer", "topic_producer\topic_producer.csproj", "{EEE0132C-81CD-42FB-A5CE-FC394BD7A22B}"
EndProject
Project("{FAE04EC0-301F-11D3-BF4B-00C04F79EFBC}") = "topic_consumer", "topic_consumer\topic_consumer.csproj", "{7129A9AA-768B-43C9-A0FB-76B5E23D13BC}"
EndProject
Global
	GlobalSection(SolutionConfigurationPlatforms) = preSolution
		Debug|Any CPU = Debug|Any CPU
		Release|Any CPU = Release|Any CPU
	EndGlobalSection
	GlobalSection(ProjectConfigurationPlatforms) = postSolution
		{47E66D90-3414-40C8-B931-ED25238A60A2}.Debug|Any CPU.ActiveCfg = Debug|Any CPU
		{47E66D90-3414-40C8-B931-ED25238A60A2}.Debug|Any CPU.Build.0 = Debug|Any CPU
		{47E66D90-3414-40C8-B931-ED25238A60A2}.Release|Any CPU.ActiveCfg = Release|Any CPU
		{47E66D90-3414-40C8-B931-ED25238A60A2}.Release|Any CPU.Build.0 = Release|Any CPU
		{D0D75AD8-0C23-41F0-BE78-B9E4B9F3786A}.Debug|Any CPU.ActiveCfg = Debug|Any CPU
		{D0D75AD8-0C23-41F0-BE78-B9E4B9F3786A}.Debug|Any CPU.Build.0 = Debug|Any CPU
		{D0D75AD8-0C23-41F0-BE78-B9E4B9F3786A}.Release|Any CPU.ActiveCfg = Release|Any CPU
		{D0D75AD8-0C23-41F0-BE78-B9E4B9F3786A}.Release|Any CPU.Build.0 = Release|Any CPU
		{28B7B124-BEC6-426D-9C51-E3E2B195E5A7}.Debug|Any CPU.ActiveCfg = Debug|Any CPU
		{28B7B124-BEC6-426D-9C51-E3E2B195E5A7}.Debug|Any CPU.Build.0 = Debug|Any CPU
		{28B7B124-BEC6-426D-9C51-E3E2B195E5A7}.Release|Any CPU.ActiveCfg = Release|Any CPU
		{28B7B124-BEC6-426D-9C51-E3E2B195E5A7}.Release|Any CPU.Build.0 = Release|Any CPU
		{FD46175E-C5BD-445F-BD00-FF70B79D1631}.Debug|Any CPU.ActiveCfg = Debug|Any CPU
		{FD46175E-C5BD-445F-BD00-FF70B79D1631}.Debug|Any CPU.Build.0 = Debug|Any CPU
		{FD46175E-C5BD-445F-BD00-FF70B79D1631}.Release|Any CPU.ActiveCfg = Release|Any CPU
		{FD46175E-C5BD-445F-BD00-FF70B79D1631}.Release|Any CPU.Build.0 = Release|Any CPU
		{C70796A8-FA10-4652-8BFF-27A23BD05E38}.Debug|Any CPU.ActiveCfg = Debug|Any CPU
		{C70796A8-FA10-4652-8BFF-27A23BD05E38}.Debug|Any CPU.Build.0 = Debug|Any CPU
		{C70796A8-FA10-4652-8BFF-27A23BD05E38}.Release|Any CPU.ActiveCfg = Release|Any CPU
		{C70796A8-FA10-4652-8BFF-27A23BD05E38}.Release|Any CPU.Build.0 = Release|Any CPU
		{60ECC8D9-1D1D-46AF-9E24-A4BE5EA6C2ED}.Debug|Any CPU.ActiveCfg = Debug|Any CPU
		{60ECC8D9-1D1D-46AF-9E24-A4BE5EA6C2ED}.Debug|Any CPU.Build.0 = Debug|Any CPU
		{60ECC8D9-1D1D-46AF-9E24-A4BE5EA6C2ED}.Release|Any CPU.ActiveCfg = Release|Any CPU
		{60ECC8D9-1D1D-46AF-9E24-A4BE5EA6C2ED}.Release|Any CPU.Build.0 = Release|Any CPU
		{EEE0132C-81CD-42FB-A5CE-FC394BD7A22B}.Debug|Any CPU.ActiveCfg = Debug|Any CPU
		{EEE0132C-81CD-42FB-A5CE-FC394BD7A22B}.Debug|Any CPU.Build.0 = Debug|Any CPU
		{EEE0132C-81CD-42FB-A5CE-FC394BD7A22B}.Release|Any CPU.ActiveCfg = Release|Any CPU
		{EEE0132C-81CD-42FB-A5CE-FC394BD7A22B}.Release|Any CPU.Build.0 = Release|Any CPU
		{7129A9AA-768B-43C9-A0FB-76B5E23D13BC}.Debug|Any CPU.ActiveCfg = Debug|Any CPU
		{7129A9AA-768B-43C9-A0FB-76B5E23D13BC}.Debug|Any CPU.Build.0 = Debug|Any CPU
		{7129A9AA-768B-43C9-A0FB-76B5E23D13BC}.Release|Any CPU.ActiveCfg = Release|Any CPU
		{7129A9AA-768B-43C9-A0FB-76B5E23D13BC}.Release|Any CPU.Build.0 = Release|Any CPU
	EndGlobalSection
	GlobalSection(SolutionProperties) = preSolution
		HideSolutionNode = FALSE
	EndGlobalSection
	GlobalSection(ExtensibilityGlobals) = postSolution
		SolutionGuid = {7AA6A9A5-E479-43AA-8CE4-C24EB7CDE747}
	EndGlobalSection
EndGlobal
